
Microsoft Visual Studio Solution File, Format Version 12.00
# Visual Studio Version 17
VisualStudioVersion = 17.0.32014.148
MinimumVisualStudioVersion = 10.0.40219.1
Project("{FAE04EC0-301F-11D3-BF4B-00C04F79EFBC}") = "Machina.Android", "Machina\Machina.Android\Machina.Android.csproj", "{023D3FE0-F908-4E58-820A-6C4CE7E958B3}"
EndProject
Project("{FAE04EC0-301F-11D3-BF4B-00C04F79EFBC}") = "Machina.iOS", "Machina\Machina.iOS\Machina.iOS.csproj", "{92F2450C-B6CC-4D7E-A4C7-93092F35A86E}"
EndProject
Project("{FAE04EC0-301F-11D3-BF4B-00C04F79EFBC}") = "Machina", "Machina\Machina\Machina.csproj", "{3520D90C-F958-41E3-B1D1-E0E58C163FF1}"
EndProject
Global
	GlobalSection(SolutionConfigurationPlatforms) = preSolution
		Debug|Any CPU = Debug|Any CPU
		Debug|iPhone = Debug|iPhone
		Debug|iPhoneSimulator = Debug|iPhoneSimulator
		Release|Any CPU = Release|Any CPU
		Release|iPhone = Release|iPhone
		Release|iPhoneSimulator = Release|iPhoneSimulator
	EndGlobalSection
	GlobalSection(ProjectConfigurationPlatforms) = postSolution
		{023D3FE0-F908-4E58-820A-6C4CE7E958B3}.Debug|Any CPU.ActiveCfg = Debug|Any CPU
		{023D3FE0-F908-4E58-820A-6C4CE7E958B3}.Debug|Any CPU.Build.0 = Debug|Any CPU
		{023D3FE0-F908-4E58-820A-6C4CE7E958B3}.Debug|Any CPU.Deploy.0 = Debug|Any CPU
		{023D3FE0-F908-4E58-820A-6C4CE7E958B3}.Debug|iPhone.ActiveCfg = Debug|Any CPU
		{023D3FE0-F908-4E58-820A-6C4CE7E958B3}.Debug|iPhone.Build.0 = Debug|Any CPU
		{023D3FE0-F908-4E58-820A-6C4CE7E958B3}.Debug|iPhone.Deploy.0 = Debug|Any CPU
		{023D3FE0-F908-4E58-820A-6C4CE7E958B3}.Debug|iPhoneSimulator.ActiveCfg = Debug|Any CPU
		{023D3FE0-F908-4E58-820A-6C4CE7E958B3}.Debug|iPhoneSimulator.Build.0 = Debug|Any CPU
		{023D3FE0-F908-4E58-820A-6C4CE7E958B3}.Debug|iPhoneSimulator.Deploy.0 = Debug|Any CPU
		{023D3FE0-F908-4E58-820A-6C4CE7E958B3}.Release|Any CPU.ActiveCfg = Release|Any CPU
		{023D3FE0-F908-4E58-820A-6C4CE7E958B3}.Release|Any CPU.Build.0 = Release|Any CPU
		{023D3FE0-F908-4E58-820A-6C4CE7E958B3}.Release|Any CPU.Deploy.0 = Release|Any CPU
		{023D3FE0-F908-4E58-820A-6C4CE7E958B3}.Release|iPhone.ActiveCfg = Release|Any CPU
		{023D3FE0-F908-4E58-820A-6C4CE7E958B3}.Release|iPhone.Build.0 = Release|Any CPU
		{023D3FE0-F908-4E58-820A-6C4CE7E958B3}.Release|iPhone.Deploy.0 = Release|Any CPU
		{023D3FE0-F908-4E58-820A-6C4CE7E958B3}.Release|iPhoneSimulator.ActiveCfg = Release|Any CPU
		{023D3FE0-F908-4E58-820A-6C4CE7E958B3}.Release|iPhoneSimulator.Build.0 = Release|Any CPU
		{023D3FE0-F908-4E58-820A-6C4CE7E958B3}.Release|iPhoneSimulator.Deploy.0 = Release|Any CPU
		{92F2450C-B6CC-4D7E-A4C7-93092F35A86E}.Debug|Any CPU.ActiveCfg = Debug|iPhone
		{92F2450C-B6CC-4D7E-A4C7-93092F35A86E}.Debug|Any CPU.Build.0 = Debug|iPhone
		{92F2450C-B6CC-4D7E-A4C7-93092F35A86E}.Debug|Any CPU.Deploy.0 = Debug|iPhone
		{92F2450C-B6CC-4D7E-A4C7-93092F35A86E}.Debug|iPhone.ActiveCfg = Debug|iPhone
		{92F2450C-B6CC-4D7E-A4C7-93092F35A86E}.Debug|iPhone.Build.0 = Debug|iPhone
		{92F2450C-B6CC-4D7E-A4C7-93092F35A86E}.Debug|iPhone.Deploy.0 = Debug|iPhone
		{92F2450C-B6CC-4D7E-A4C7-93092F35A86E}.Debug|iPhoneSimulator.ActiveCfg = Debug|iPhoneSimulator
		{92F2450C-B6CC-4D7E-A4C7-93092F35A86E}.Debug|iPhoneSimulator.Build.0 = Debug|iPhoneSimulator
		{92F2450C-B6CC-4D7E-A4C7-93092F35A86E}.Debug|iPhoneSimulator.Deploy.0 = Debug|iPhoneSimulator
		{92F2450C-B6CC-4D7E-A4C7-93092F35A86E}.Release|Any CPU.ActiveCfg = Release|iPhoneSimulator
		{92F2450C-B6CC-4D7E-A4C7-93092F35A86E}.Release|Any CPU.Build.0 = Release|iPhoneSimulator
		{92F2450C-B6CC-4D7E-A4C7-93092F35A86E}.Release|Any CPU.Deploy.0 = Release|iPhoneSimulator
		{92F2450C-B6CC-4D7E-A4C7-93092F35A86E}.Release|iPhone.ActiveCfg = Release|iPhone
		{92F2450C-B6CC-4D7E-A4C7-93092F35A86E}.Release|iPhone.Build.0 = Release|iPhone
		{92F2450C-B6CC-4D7E-A4C7-93092F35A86E}.Release|iPhone.Deploy.0 = Release|iPhone
		{92F2450C-B6CC-4D7E-A4C7-93092F35A86E}.Release|iPhoneSimulator.ActiveCfg = Release|iPhoneSimulator
		{92F2450C-B6CC-4D7E-A4C7-93092F35A86E}.Release|iPhoneSimulator.Build.0 = Release|iPhoneSimulator
		{92F2450C-B6CC-4D7E-A4C7-93092F35A86E}.Release|iPhoneSimulator.Deploy.0 = Release|iPhoneSimulator
		{3520D90C-F958-41E3-B1D1-E0E58C163FF1}.Debug|Any CPU.ActiveCfg = Debug|Any CPU
		{3520D90C-F958-41E3-B1D1-E0E58C163FF1}.Debug|Any CPU.Build.0 = Debug|Any CPU
		{3520D90C-F958-41E3-B1D1-E0E58C163FF1}.Debug|Any CPU.Deploy.0 = Debug|Any CPU
		{3520D90C-F958-41E3-B1D1-E0E58C163FF1}.Debug|iPhone.ActiveCfg = Debug|Any CPU
		{3520D90C-F958-41E3-B1D1-E0E58C163FF1}.Debug|iPhone.Build.0 = Debug|Any CPU
		{3520D90C-F958-41E3-B1D1-E0E58C163FF1}.Debug|iPhone.Deploy.0 = Debug|Any CPU
		{3520D90C-F958-41E3-B1D1-E0E58C163FF1}.Debug|iPhoneSimulator.ActiveCfg = Debug|Any CPU
		{3520D90C-F958-41E3-B1D1-E0E58C163FF1}.Debug|iPhoneSimulator.Build.0 = Debug|Any CPU
		{3520D90C-F958-41E3-B1D1-E0E58C163FF1}.Debug|iPhoneSimulator.Deploy.0 = Debug|Any CPU
		{3520D90C-F958-41E3-B1D1-E0E58C163FF1}.Release|Any CPU.ActiveCfg = Release|Any CPU
		{3520D90C-F958-41E3-B1D1-E0E58C163FF1}.Release|Any CPU.Build.0 = Release|Any CPU
		{3520D90C-F958-41E3-B1D1-E0E58C163FF1}.Release|Any CPU.Deploy.0 = Release|Any CPU
		{3520D90C-F958-41E3-B1D1-E0E58C163FF1}.Release|iPhone.ActiveCfg = Release|Any CPU
		{3520D90C-F958-41E3-B1D1-E0E58C163FF1}.Release|iPhone.Build.0 = Release|Any CPU
		{3520D90C-F958-41E3-B1D1-E0E58C163FF1}.Release|iPhone.Deploy.0 = Release|Any CPU
		{3520D90C-F958-41E3-B1D1-E0E58C163FF1}.Release|iPhoneSimulator.ActiveCfg = Release|Any CPU
		{3520D90C-F958-41E3-B1D1-E0E58C163FF1}.Release|iPhoneSimulator.Build.0 = Release|Any CPU
		{3520D90C-F958-41E3-B1D1-E0E58C163FF1}.Release|iPhoneSimulator.Deploy.0 = Release|Any CPU
	EndGlobalSection
	GlobalSection(SolutionProperties) = preSolution
		HideSolutionNode = FALSE
	EndGlobalSection
	GlobalSection(ExtensibilityGlobals) = postSolution
		SolutionGuid = {032948E3-56B9-400E-8B40-33B4A430D28E}
	EndGlobalSection
EndGlobal
